// !$*UTF8*$!
{
	archiveVersion = 1;
	classes = {
	};
	objectVersion = 46;
	objects = {

/* Begin PBXBuildFile section */
		C4D15ED21E8CB1A400CE7D91 /* main.m in Sources */ = {isa = PBXBuildFile; fileRef = C4D15ED11E8CB1A400CE7D91 /* main.m */; };
		C4D15ED51E8CB1A400CE7D91 /* AppDelegate.m in Sources */ = {isa = PBXBuildFile; fileRef = C4D15ED41E8CB1A400CE7D91 /* AppDelegate.m */; };
		C4D15ED81E8CB1A400CE7D91 /* ViewController.m in Sources */ = {isa = PBXBuildFile; fileRef = C4D15ED71E8CB1A400CE7D91 /* ViewController.m */; };
		C4D15EDB1E8CB1A400CE7D91 /* Main.storyboard in Resources */ = {isa = PBXBuildFile; fileRef = C4D15ED91E8CB1A400CE7D91 /* Main.storyboard */; };
		C4D15EDD1E8CB1A400CE7D91 /* Assets.xcassets in Resources */ = {isa = PBXBuildFile; fileRef = C4D15EDC1E8CB1A400CE7D91 /* Assets.xcassets */; };
		C4D15EE01E8CB1A400CE7D91 /* LaunchScreen.storyboard in Resources */ = {isa = PBXBuildFile; fileRef = C4D15EDE1E8CB1A400CE7D91 /* LaunchScreen.storyboard */; };
		C4D15EED1E8CB4BA00CE7D91 /* PYTextView.m in Sources */ = {isa = PBXBuildFile; fileRef = C4D15EEC1E8CB4BA00CE7D91 /* PYTextView.m */; };
/* End PBXBuildFile section */

/* Begin PBXFileReference section */
		C4D15ECD1E8CB1A300CE7D91 /* PYTextView.app */ = {isa = PBXFileReference; explicitFileType = wrapper.application; includeInIndex = 0; path = PYTextView.app; sourceTree = BUILT_PRODUCTS_DIR; };
		C4D15ED11E8CB1A400CE7D91 /* main.m */ = {isa = PBXFileReference; lastKnownFileType = sourcecode.c.objc; path = main.m; sourceTree = "<group>"; };
		C4D15ED31E8CB1A400CE7D91 /* AppDelegate.h */ = {isa = PBXFileReference; lastKnownFileType = sourcecode.c.h; path = AppDelegate.h; sourceTree = "<group>"; };
		C4D15ED41E8CB1A400CE7D91 /* AppDelegate.m */ = {isa = PBXFileReference; lastKnownFileType = sourcecode.c.objc; path = AppDelegate.m; sourceTree = "<group>"; };
		C4D15ED61E8CB1A400CE7D91 /* ViewController.h */ = {isa = PBXFileReference; lastKnownFileType = sourcecode.c.h; path = ViewController.h; sourceTree = "<group>"; };
		C4D15ED71E8CB1A400CE7D91 /* ViewController.m */ = {isa = PBXFileReference; lastKnownFileType = sourcecode.c.objc; path = ViewController.m; sourceTree = "<group>"; };
		C4D15EDA1E8CB1A400CE7D91 /* Base */ = {isa = PBXFileReference; lastKnownFileType = file.storyboard; name = Base; path = Base.lproj/Main.storyboard; sourceTree = "<group>"; };
		C4D15EDC1E8CB1A400CE7D91 /* Assets.xcassets */ = {isa = PBXFileReference; lastKnownFileType = folder.assetcatalog; path = Assets.xcassets; sourceTree = "<group>"; };
		C4D15EDF1E8CB1A400CE7D91 /* Base */ = {isa = PBXFileReference; lastKnownFileType = file.storyboard; name = Base; path = Base.lproj/LaunchScreen.storyboard; sourceTree = "<group>"; };
		C4D15EE11E8CB1A500CE7D91 /* Info.plist */ = {isa = PBXFileReference; lastKnownFileType = text.plist.xml; path = Info.plist; sourceTree = "<group>"; };
		C4D15EEB1E8CB4BA00CE7D91 /* PYTextView.h */ = {isa = PBXFileReference; fileEncoding = 4; lastKnownFileType = sourcecode.c.h; path = PYTextView.h; sourceTree = "<group>"; };
		C4D15EEC1E8CB4BA00CE7D91 /* PYTextView.m */ = {isa = PBXFileReference; fileEncoding = 4; lastKnownFileType = sourcecode.c.objc; path = PYTextView.m; sourceTree = "<group>"; };
/* End PBXFileReference section */

/* Begin PBXFrameworksBuildPhase section */
		C4D15ECA1E8CB1A300CE7D91 /* Frameworks */ = {
			isa = PBXFrameworksBuildPhase;
			buildActionMask = 2147483647;
			files = (
			);
			runOnlyForDeploymentPostprocessing = 0;
		};
/* End PBXFrameworksBuildPhase section */

/* Begin PBXGroup section */
		C4D15EC41E8CB1A300CE7D91 = {
			isa = PBXGroup;
			children = (
				C4D15ECF1E8CB1A300CE7D91 /* PYTextView */,
				C4D15ECE1E8CB1A300CE7D91 /* Products */,
			);
			sourceTree = "<group>";
		};
		C4D15ECE1E8CB1A300CE7D91 /* Products */ = {
			isa = PBXGroup;
			children = (
				C4D15ECD1E8CB1A300CE7D91 /* PYTextView.app */,
			);
			name = Products;
			sourceTree = "<group>";
		};
		C4D15ECF1E8CB1A300CE7D91 /* PYTextView */ = {
			isa = PBXGroup;
			children = (
				C4D15ED31E8CB1A400CE7D91 /* AppDelegate.h */,
				C4D15ED41E8CB1A400CE7D91 /* AppDelegate.m */,
				C4D15ED61E8CB1A400CE7D91 /* ViewController.h */,
				C4D15ED71E8CB1A400CE7D91 /* ViewController.m */,
				C4D15EEA1E8CB4BA00CE7D91 /* PYTextView */,
				C4D15ED91E8CB1A400CE7D91 /* Main.storyboard */,
				C4D15EDC1E8CB1A400CE7D91 /* Assets.xcassets */,
				C4D15EDE1E8CB1A400CE7D91 /* LaunchScreen.storyboard */,
				C4D15EE11E8CB1A500CE7D91 /* Info.plist */,
				C4D15ED01E8CB1A300CE7D91 /* Supporting Files */,
			);
			path = PYTextView;
			sourceTree = "<group>";
		};
		C4D15ED01E8CB1A300CE7D91 /* Supporting Files */ = {
			isa = PBXGroup;
			children = (
				C4D15ED11E8CB1A400CE7D91 /* main.m */,
			);
			name = "Supporting Files";
			sourceTree = "<group>";
		};
		C4D15EEA1E8CB4BA00CE7D91 /* PYTextView */ = {
			isa = PBXGroup;
			children = (
				C4D15EEB1E8CB4BA00CE7D91 /* PYTextView.h */,
				C4D15EEC1E8CB4BA00CE7D91 /* PYTextView.m */,
			);
			path = PYTextView;
			sourceTree = "<group>";
		};
/* End PBXGroup section */

/* Begin PBXNativeTarget section */
		C4D15ECC1E8CB1A300CE7D91 /* PYTextView */ = {
			isa = PBXNativeTarget;
			buildConfigurationList = C4D15EE41E8CB1A500CE7D91 /* Build configuration list for PBXNativeTarget "PYTextView" */;
			buildPhases = (
				C4D15EC91E8CB1A300CE7D91 /* Sources */,
				C4D15ECA1E8CB1A300CE7D91 /* Frameworks */,
				C4D15ECB1E8CB1A300CE7D91 /* Resources */,
			);
			buildRules = (
			);
			dependencies = (
			);
			name = PYTextView;
			productName = PYTextView;
			productReference = C4D15ECD1E8CB1A300CE7D91 /* PYTextView.app */;
			productType = "com.apple.product-type.application";
		};
/* End PBXNativeTarget section */

/* Begin PBXProject section */
		C4D15EC51E8CB1A300CE7D91 /* Project object */ = {
			isa = PBXProject;
			attributes = {
				LastUpgradeCheck = 0830;
				ORGANIZATIONNAME = "于浦洋";
				TargetAttributes = {
					C4D15ECC1E8CB1A300CE7D91 = {
						CreatedOnToolsVersion = 8.3;
						DevelopmentTeam = L3B82TM5D5;
						ProvisioningStyle = Automatic;
					};
				};
			};
			buildConfigurationList = C4D15EC81E8CB1A300CE7D91 /* Build configuration list for PBXProject "PYTextView" */;
			compatibilityVersion = "Xcode 3.2";
			developmentRegion = English;
			hasScannedForEncodings = 0;
			knownRegions = (
				en,
				Base,
			);
			mainGroup = C4D15EC41E8CB1A300CE7D91;
			productRefGroup = C4D15ECE1E8CB1A300CE7D91 /* Products */;
			projectDirPath = "";
			projectRoot = "";
			targets = (
				C4D15ECC1E8CB1A300CE7D91 /* PYTextView */,
			);
		};
/* End PBXProject section */

/* Begin PBXResourcesBuildPhase section */
		C4D15ECB1E8CB1A300CE7D91 /* Resources */ = {
			isa = PBXResourcesBuildPhase;
			buildActionMask = 2147483647;
			files = (
				C4D15EE01E8CB1A400CE7D91 /* LaunchScreen.storyboard in Resources */,
				C4D15EDD1E8CB1A400CE7D91 /* Assets.xcassets in Resources */,
				C4D15EDB1E8CB1A400CE7D91 /* Main.storyboard in Resources */,
			);
			runOnlyForDeploymentPostprocessing = 0;
		};
/* End PBXResourcesBuildPhase section */

/* Begin PBXSourcesBuildPhase section */
		C4D15EC91E8CB1A300CE7D91 /* Sources */ = {
			isa = PBXSourcesBuildPhase;
			buildActionMask = 2147483647;
			files = (
				C4D15EED1E8CB4BA00CE7D91 /* PYTextView.m in Sources */,
				C4D15ED81E8CB1A400CE7D91 /* ViewController.m in Sources */,
				C4D15ED51E8CB1A400CE7D91 /* AppDelegate.m in Sources */,
				C4D15ED21E8CB1A400CE7D91 /* main.m in Sources */,
			);
			runOnlyForDeploymentPostprocessing = 0;
		};
/* End PBXSourcesBuildPhase section */

/* Begin PBXVariantGroup section */
		C4D15ED91E8CB1A400CE7D91 /* Main.storyboard */ = {
			isa = PBXVariantGroup;
			children = (
				C4D15EDA1E8CB1A400CE7D91 /* Base */,
			);
			name = Main.storyboard;
			sourceTree = "<group>";
		};
		C4D15EDE1E8CB1A400CE7D91 /* LaunchScreen.storyboard */ = {
			isa = PBXVariantGroup;
			children = (
				C4D15EDF1E8CB1A400CE7D91 /* Base */,
			);
			name = LaunchScreen.storyboard;
			sourceTree = "<group>";
		};
/* End PBXVariantGroup section */

/* Begin XCBuildConfiguration section */
		C4D15EE21E8CB1A500CE7D91 /* Debug */ = {
			isa = XCBuildConfiguration;
			buildSettings = {
				ALWAYS_SEARCH_USER_PATHS = NO;
				CLANG_ANALYZER_NONNULL = YES;
				CLANG_ANALYZER_NUMBER_OBJECT_CONVERSION = YES_AGGRESSIVE;
				CLANG_CXX_LANGUAGE_STANDARD = "gnu++0x";
				CLANG_CXX_LIBRARY = "libc++";
				CLANG_ENABLE_MODULES = YES;
				CLANG_ENABLE_OBJC_ARC = YES;
				CLANG_WARN_BOOL_CONVERSION = YES;
				CLANG_WARN_CONSTANT_CONVERSION = YES;
				CLANG_WARN_DIRECT_OBJC_ISA_USAGE = YES_ERROR;
				CLANG_WARN_DOCUMENTATION_COMMENTS = YES;
				CLANG_WARN_EMPTY_BODY = YES;
				CLANG_WARN_ENUM_CONVERSION = YES;
				CLANG_WARN_INFINITE_RECURSION = YES;
				CLANG_WARN_INT_CONVERSION = YES;
				CLANG_WARN_OBJC_ROOT_CLASS = YES_ERROR;
				CLANG_WARN_SUSPICIOUS_MOVE = YES;
				CLANG_WARN_UNREACHABLE_CODE = YES;
				CLANG_WARN__DUPLICATE_METHOD_MATCH = YES;
				"CODE_SIGN_IDENTITY[sdk=iphoneos*]" = "iPhone Developer";
				COPY_PHASE_STRIP = NO;
				DEBUG_INFORMATION_FORMAT = dwarf;
				ENABLE_STRICT_OBJC_MSGSEND = YES;
				ENABLE_TESTABILITY = YES;
				GCC_C_LANGUAGE_STANDARD = gnu99;
				GCC_DYNAMIC_NO_PIC = NO;
				GCC_NO_COMMON_BLOCKS = YES;
				GCC_OPTIMIZATION_LEVEL = 0;
				GCC_PREPROCESSOR_DEFINITIONS = (
					"DEBUG=1",
					"$(inherited)",
				);
				GCC_WARN_64_TO_32_BIT_CONVERSION = YES;
				GCC_WARN_ABOUT_RETURN_TYPE = YES_ERROR;
				GCC_WARN_UNDECLARED_SELECTOR = YES;
				GCC_WARN_UNINITIALIZED_AUTOS = YES_AGGRESSIVE;
				GCC_WARN_UNUSED_FUNCTION = YES;
				GCC_WARN_UNUSED_VARIABLE = YES;
				IPHONEOS_DEPLOYMENT_TARGET = 10.3;
				MTL_ENABLE_DEBUG_INFO = YES;
				ONLY_ACTIVE_ARCH = YES;
				SDKROOT = iphoneos;
				TARGETED_DEVICE_FAMILY = "1,2";
			};
			name = Debug;
		};
		C4D15EE31E8CB1A500CE7D91 /* Release */ = {
			isa = XCBuildConfiguration;
			buildSettings = {
				ALWAYS_SEARCH_USER_PATHS = NO;
				CLANG_ANALYZER_NONNULL = YES;
				CLANG_ANALYZER_NUMBER_OBJECT_CONVERSION = YES_AGGRESSIVE;
				CLANG_CXX_LANGUAGE_STANDARD = "gnu++0x";
				CLANG_CXX_LIBRARY = "libc++";
				CLANG_ENABLE_MODULES = YES;
				CLANG_ENABLE_OBJC_ARC = YES;
				CLANG_WARN_BOOL_CONVERSION = YES;
				CLANG_WARN_CONSTANT_CONVERSION = YES;
				CLANG_WARN_DIRECT_OBJC_ISA_USAGE = YES_ERROR;
				CLANG_WARN_DOCUMENTATION_COMMENTS = YES;
				CLANG_WARN_EMPTY_BODY = YES;
				CLANG_WARN_ENUM_CONVERSION = YES;
				CLANG_WARN_INFINITE_RECURSION = YES;
				CLANG_WARN_INT_CONVERSION = YES;
				CLANG_WARN_OBJC_ROOT_CLASS = YES_ERROR;
				CLANG_WARN_SUSPICIOUS_MOVE = YES;
				CLANG_WARN_UNREACHABLE_CODE = YES;
				CLANG_WARN__DUPLICATE_METHOD_MATCH = YES;
				"CODE_SIGN_IDENTITY[sdk=iphoneos*]" = "iPhone Developer";
				COPY_PHASE_STRIP = NO;
				DEBUG_INFORMATION_FORMAT = "dwarf-with-dsym";
				ENABLE_NS_ASSERTIONS = NO;
				ENABLE_STRICT_OBJC_MSGSEND = YES;
				GCC_C_LANGUAGE_STANDARD = gnu99;
				GCC_NO_COMMON_BLOCKS = YES;
				GCC_WARN_64_TO_32_BIT_CONVERSION = YES;
				GCC_WARN_ABOUT_RETURN_TYPE = YES_ERROR;
				GCC_WARN_UNDECLARED_SELECTOR = YES;
				GCC_WARN_UNINITIALIZED_AUTOS = YES_AGGRESSIVE;
				GCC_WARN_UNUSED_FUNCTION = YES;
				GCC_WARN_UNUSED_VARIABLE = YES;
				IPHONEOS_DEPLOYMENT_TARGET = 10.3;
				MTL_ENABLE_DEBUG_INFO = NO;
				SDKROOT = iphoneos;
				TARGETED_DEVICE_FAMILY = "1,2";
				VALIDATE_PRODUCT = YES;
			};
			name = Release;
		};
		C4D15EE51E8CB1A500CE7D91 /* Debug */ = {
			isa = XCBuildConfiguration;
			buildSettings = {
				ASSETCATALOG_COMPILER_APPICON_NAME = AppIcon;
				DEVELOPMENT_TEAM = L3B82TM5D5;
				INFOPLIST_FILE = PYTextView/Info.plist;
				LD_RUNPATH_SEARCH_PATHS = "$(inherited) @executable_path/Frameworks";
				PRODUCT_BUNDLE_IDENTIFIER = com.puyang.PYTextView;
				PRODUCT_NAME = "$(TARGET_NAME)";
			};
			name = Debug;
		};
		C4D15EE61E8CB1A500CE7D91 /* Release */ = {
			isa = XCBuildConfiguration;
			buildSettings = {
				ASSETCATALOG_COMPILER_APPICON_NAME = AppIcon;
				DEVELOPMENT_TEAM = L3B82TM5D5;
				INFOPLIST_FILE = PYTextView/Info.plist;
				LD_RUNPATH_SEARCH_PATHS = "$(inherited) @executable_path/Frameworks";
				PRODUCT_BUNDLE_IDENTIFIER = com.puyang.PYTextView;
				PRODUCT_NAME = "$(TARGET_NAME)";
			};
			name = Release;
		};
/* End XCBuildConfiguration section */

/* Begin XCConfigurationList section */
		C4D15EC81E8CB1A300CE7D91 /* Build configuration list for PBXProject "PYTextView" */ = {
			isa = XCConfigurationList;
			buildConfigurations = (
				C4D15EE21E8CB1A500CE7D91 /* Debug */,
				C4D15EE31E8CB1A500CE7D91 /* Release */,
			);
			defaultConfigurationIsVisible = 0;
			defaultConfigurationName = Release;
		};
		C4D15EE41E8CB1A500CE7D91 /* Build configuration list for PBXNativeTarget "PYTextView" */ = {
			isa = XCConfigurationList;
			buildConfigurations = (
				C4D15EE51E8CB1A500CE7D91 /* Debug */,
				C4D15EE61E8CB1A500CE7D91 /* Release */,
			);
			defaultConfigurationIsVisible = 0;
		};
/* End XCConfigurationList section */
	};
	rootObject = C4D15EC51E8CB1A300CE7D91 /* Project object */;
}
